
Microsoft Visual Studio Solution File, Format Version 12.00
# Visual Studio Express 15 for Windows Desktop
VisualStudioVersion = 15.0.28307.438
MinimumVisualStudioVersion = 10.0.40219.1
Project("{FAE04EC0-301F-11D3-BF4B-00C04F79EFBC}") = "Autobazar", "Autobazar\Autobazar.csproj", "{151CE364-4306-4DE0-BC39-3BCB3BA305C8}"
EndProject
Global
	GlobalSection(SolutionConfigurationPlatforms) = preSolution
		Debug|Any CPU = Debug|Any CPU
		Release|Any CPU = Release|Any CPU
	EndGlobalSection
	GlobalSection(ProjectConfigurationPlatforms) = postSolution
		{151CE364-4306-4DE0-BC39-3BCB3BA305C8}.Debug|Any CPU.ActiveCfg = Debug|Any CPU
		{151CE364-4306-4DE0-BC39-3BCB3BA305C8}.Debug|Any CPU.Build.0 = Debug|Any CPU
		{151CE364-4306-4DE0-BC39-3BCB3BA305C8}.Release|Any CPU.ActiveCfg = Release|Any CPU
		{151CE364-4306-4DE0-BC39-3BCB3BA305C8}.Release|Any CPU.Build.0 = Release|Any CPU
	EndGlobalSection
	GlobalSection(SolutionProperties) = preSolution
		HideSolutionNode = FALSE
	EndGlobalSection
	GlobalSection(ExtensibilityGlobals) = postSolution
		SolutionGuid = {3C3BBD59-721B-4914-B749-CAD7DA97EA20}
	EndGlobalSection
EndGlobal
